
Microsoft Visual Studio Solution File, Format Version 12.00
# Visual Studio Version 16
VisualStudioVersion = 16.0.31729.503
MinimumVisualStudioVersion = 10.0.40219.1
Project("{FAE04EC0-301F-11D3-BF4B-00C04F79EFBC}") = "BaiTapLTGD_C2_BatBuoc", "BaiTap1\BaiTapLTGD_C2_BatBuoc.csproj", "{D7E3E0B7-411F-4FDF-B9DE-FA34171FDFBA}"
EndProject
Project("{FAE04EC0-301F-11D3-BF4B-00C04F79EFBC}") = "BaiTapVeOPP", "BaiTapVeOPP\BaiTapVeOPP.csproj", "{EDCD1213-95DF-440A-8D15-223F284CA0C7}"
EndProject
Project("{FAE04EC0-301F-11D3-BF4B-00C04F79EFBC}") = "BaiTapVeNha", "BaiTapVeNha\BaiTapVeNha.csproj", "{984C5320-664C-4BC5-B511-11643A199EC0}"
EndProject
Project("{FAE04EC0-301F-11D3-BF4B-00C04F79EFBC}") = "BaiTapChuong04", "BaiTapChuong04\BaiTapChuong04.csproj", "{3C64ADD7-B4BD-4E7C-8D4C-BE8E5A41BA14}"
EndProject
Project("{FAE04EC0-301F-11D3-BF4B-00C04F79EFBC}") = "WindowsFormsApp1", "WindowsFormsApp1\WindowsFormsApp1.csproj", "{557A5E3E-4F5F-40AB-8D2C-850D4813E878}"
EndProject
Global
	GlobalSection(SolutionConfigurationPlatforms) = preSolution
		Debug|Any CPU = Debug|Any CPU
		Release|Any CPU = Release|Any CPU
	EndGlobalSection
	GlobalSection(ProjectConfigurationPlatforms) = postSolution
		{D7E3E0B7-411F-4FDF-B9DE-FA34171FDFBA}.Debug|Any CPU.ActiveCfg = Debug|Any CPU
		{D7E3E0B7-411F-4FDF-B9DE-FA34171FDFBA}.Debug|Any CPU.Build.0 = Debug|Any CPU
		{D7E3E0B7-411F-4FDF-B9DE-FA34171FDFBA}.Release|Any CPU.ActiveCfg = Release|Any CPU
		{D7E3E0B7-411F-4FDF-B9DE-FA34171FDFBA}.Release|Any CPU.Build.0 = Release|Any CPU
		{EDCD1213-95DF-440A-8D15-223F284CA0C7}.Debug|Any CPU.ActiveCfg = Debug|Any CPU
		{EDCD1213-95DF-440A-8D15-223F284CA0C7}.Debug|Any CPU.Build.0 = Debug|Any CPU
		{EDCD1213-95DF-440A-8D15-223F284CA0C7}.Release|Any CPU.ActiveCfg = Release|Any CPU
		{EDCD1213-95DF-440A-8D15-223F284CA0C7}.Release|Any CPU.Build.0 = Release|Any CPU
		{984C5320-664C-4BC5-B511-11643A199EC0}.Debug|Any CPU.ActiveCfg = Debug|Any CPU
		{984C5320-664C-4BC5-B511-11643A199EC0}.Debug|Any CPU.Build.0 = Debug|Any CPU
		{984C5320-664C-4BC5-B511-11643A199EC0}.Release|Any CPU.ActiveCfg = Release|Any CPU
		{984C5320-664C-4BC5-B511-11643A199EC0}.Release|Any CPU.Build.0 = Release|Any CPU
		{3C64ADD7-B4BD-4E7C-8D4C-BE8E5A41BA14}.Debug|Any CPU.ActiveCfg = Debug|Any CPU
		{3C64ADD7-B4BD-4E7C-8D4C-BE8E5A41BA14}.Debug|Any CPU.Build.0 = Debug|Any CPU
		{3C64ADD7-B4BD-4E7C-8D4C-BE8E5A41BA14}.Release|Any CPU.ActiveCfg = Release|Any CPU
		{3C64ADD7-B4BD-4E7C-8D4C-BE8E5A41BA14}.Release|Any CPU.Build.0 = Release|Any CPU
		{557A5E3E-4F5F-40AB-8D2C-850D4813E878}.Debug|Any CPU.ActiveCfg = Debug|Any CPU
		{557A5E3E-4F5F-40AB-8D2C-850D4813E878}.Debug|Any CPU.Build.0 = Debug|Any CPU
		{557A5E3E-4F5F-40AB-8D2C-850D4813E878}.Release|Any CPU.ActiveCfg = Release|Any CPU
		{557A5E3E-4F5F-40AB-8D2C-850D4813E878}.Release|Any CPU.Build.0 = Release|Any CPU
	EndGlobalSection
	GlobalSection(SolutionProperties) = preSolution
		HideSolutionNode = FALSE
	EndGlobalSection
	GlobalSection(ExtensibilityGlobals) = postSolution
		SolutionGuid = {5A7E04CD-2192-4004-BDAB-342415253B85}
	EndGlobalSection
EndGlobal
