
Microsoft Visual Studio Solution File, Format Version 12.00
# Visual Studio Version 16
VisualStudioVersion = 16.0.33423.256
MinimumVisualStudioVersion = 10.0.40219.1
Project("{FAE04EC0-301F-11D3-BF4B-00C04F79EFBC}") = "QuanLiBanSach", "QuanLiBanSach\QuanLiBanSach.csproj", "{7134ED5A-21E9-47EC-8DAA-1D7C8D6AB127}"
EndProject
Global
	GlobalSection(SolutionConfigurationPlatforms) = preSolution
		Debug|Any CPU = Debug|Any CPU
		Release|Any CPU = Release|Any CPU
	EndGlobalSection
	GlobalSection(ProjectConfigurationPlatforms) = postSolution
		{7134ED5A-21E9-47EC-8DAA-1D7C8D6AB127}.Debug|Any CPU.ActiveCfg = Debug|Any CPU
		{7134ED5A-21E9-47EC-8DAA-1D7C8D6AB127}.Debug|Any CPU.Build.0 = Debug|Any CPU
		{7134ED5A-21E9-47EC-8DAA-1D7C8D6AB127}.Release|Any CPU.ActiveCfg = Release|Any CPU
		{7134ED5A-21E9-47EC-8DAA-1D7C8D6AB127}.Release|Any CPU.Build.0 = Release|Any CPU
	EndGlobalSection
	GlobalSection(SolutionProperties) = preSolution
		HideSolutionNode = FALSE
	EndGlobalSection
	GlobalSection(ExtensibilityGlobals) = postSolution
		SolutionGuid = {4E783495-6FEA-43FB-A43C-A553A30FD5AA}
	EndGlobalSection
EndGlobal
